
Microsoft Visual Studio Solution File, Format Version 12.00
# Visual Studio Version 17
VisualStudioVersion = 17.11.35312.102
MinimumVisualStudioVersion = 10.0.40219.1
Project("{8BC9CEB8-8B4A-11D0-8D11-00A0C91BC942}") = "lab0", "lab0\lab0.vcxproj", "{EBEADA94-E2A0-431F-8D2D-0F5C5422F9FF}"
EndProject
Global
	GlobalSection(SolutionConfigurationPlatforms) = preSolution
		Debug|x64 = Debug|x64
		Debug|x86 = Debug|x86
		Release|x64 = Release|x64
		Release|x86 = Release|x86
	EndGlobalSection
	GlobalSection(ProjectConfigurationPlatforms) = postSolution
		{EBEADA94-E2A0-431F-8D2D-0F5C5422F9FF}.Debug|x64.ActiveCfg = Debug|x64
		{EBEADA94-E2A0-431F-8D2D-0F5C5422F9FF}.Debug|x64.Build.0 = Debug|x64
		{EBEADA94-E2A0-431F-8D2D-0F5C5422F9FF}.Debug|x86.ActiveCfg = Debug|Win32
		{EBEADA94-E2A0-431F-8D2D-0F5C5422F9FF}.Debug|x86.Build.0 = Debug|Win32
		{EBEADA94-E2A0-431F-8D2D-0F5C5422F9FF}.Release|x64.ActiveCfg = Release|x64
		{EBEADA94-E2A0-431F-8D2D-0F5C5422F9FF}.Release|x64.Build.0 = Release|x64
		{EBEADA94-E2A0-431F-8D2D-0F5C5422F9FF}.Release|x86.ActiveCfg = Release|Win32
		{EBEADA94-E2A0-431F-8D2D-0F5C5422F9FF}.Release|x86.Build.0 = Release|Win32
	EndGlobalSection
	GlobalSection(SolutionProperties) = preSolution
		HideSolutionNode = FALSE
	EndGlobalSection
	GlobalSection(ExtensibilityGlobals) = postSolution
		SolutionGuid = {D375E2E6-C7F4-4BEA-8AD8-F5B6AD030291}
	EndGlobalSection
EndGlobal
