
Microsoft Visual Studio Solution File, Format Version 12.00
# Visual Studio 15
VisualStudioVersion = 15.0.35213.121
MinimumVisualStudioVersion = 10.0.40219.1
Project("{8BC9CEB8-8B4A-11D0-8D11-00A0C91BC942}") = "Lab-5", "Lab-5\Lab-5.vcxproj", "{BFE44541-478C-4298-8B59-A262AEA879A4}"
EndProject
Project("{8BC9CEB8-8B4A-11D0-8D11-00A0C91BC942}") = "Lab-6", "..\Lab-6\Lab-6\Lab-6.vcxproj", "{FDC9417A-E0D1-4421-B083-77CC30A5C751}"
EndProject
Project("{8BC9CEB8-8B4A-11D0-8D11-00A0C91BC942}") = "Project1", "..\Project1\Project1\Project1.vcxproj", "{38094B7C-1C3B-488F-AC2A-F3D9C9B6C923}"
EndProject
Project("{8BC9CEB8-8B4A-11D0-8D11-00A0C91BC942}") = "Lab-3", "..\Lab-3\Lab-3\Lab-3.vcxproj", "{03A3F4A5-9C39-4467-8323-3789F8E28830}"
EndProject
Global
	GlobalSection(SolutionConfigurationPlatforms) = preSolution
		Debug|x64 = Debug|x64
		Debug|x86 = Debug|x86
		Release|x64 = Release|x64
		Release|x86 = Release|x86
	EndGlobalSection
	GlobalSection(ProjectConfigurationPlatforms) = postSolution
		{BFE44541-478C-4298-8B59-A262AEA879A4}.Debug|x64.ActiveCfg = Debug|x64
		{BFE44541-478C-4298-8B59-A262AEA879A4}.Debug|x64.Build.0 = Debug|x64
		{BFE44541-478C-4298-8B59-A262AEA879A4}.Debug|x86.ActiveCfg = Debug|Win32
		{BFE44541-478C-4298-8B59-A262AEA879A4}.Debug|x86.Build.0 = Debug|Win32
		{BFE44541-478C-4298-8B59-A262AEA879A4}.Release|x64.ActiveCfg = Release|x64
		{BFE44541-478C-4298-8B59-A262AEA879A4}.Release|x64.Build.0 = Release|x64
		{BFE44541-478C-4298-8B59-A262AEA879A4}.Release|x86.ActiveCfg = Release|Win32
		{BFE44541-478C-4298-8B59-A262AEA879A4}.Release|x86.Build.0 = Release|Win32
		{FDC9417A-E0D1-4421-B083-77CC30A5C751}.Debug|x64.ActiveCfg = Debug|x64
		{FDC9417A-E0D1-4421-B083-77CC30A5C751}.Debug|x64.Build.0 = Debug|x64
		{FDC9417A-E0D1-4421-B083-77CC30A5C751}.Debug|x86.ActiveCfg = Debug|Win32
		{FDC9417A-E0D1-4421-B083-77CC30A5C751}.Debug|x86.Build.0 = Debug|Win32
		{FDC9417A-E0D1-4421-B083-77CC30A5C751}.Release|x64.ActiveCfg = Release|x64
		{FDC9417A-E0D1-4421-B083-77CC30A5C751}.Release|x64.Build.0 = Release|x64
		{FDC9417A-E0D1-4421-B083-77CC30A5C751}.Release|x86.ActiveCfg = Release|Win32
		{FDC9417A-E0D1-4421-B083-77CC30A5C751}.Release|x86.Build.0 = Release|Win32
		{38094B7C-1C3B-488F-AC2A-F3D9C9B6C923}.Debug|x64.ActiveCfg = Debug|x64
		{38094B7C-1C3B-488F-AC2A-F3D9C9B6C923}.Debug|x64.Build.0 = Debug|x64
		{38094B7C-1C3B-488F-AC2A-F3D9C9B6C923}.Debug|x86.ActiveCfg = Debug|Win32
		{38094B7C-1C3B-488F-AC2A-F3D9C9B6C923}.Debug|x86.Build.0 = Debug|Win32
		{38094B7C-1C3B-488F-AC2A-F3D9C9B6C923}.Release|x64.ActiveCfg = Release|x64
		{38094B7C-1C3B-488F-AC2A-F3D9C9B6C923}.Release|x64.Build.0 = Release|x64
		{38094B7C-1C3B-488F-AC2A-F3D9C9B6C923}.Release|x86.ActiveCfg = Release|Win32
		{38094B7C-1C3B-488F-AC2A-F3D9C9B6C923}.Release|x86.Build.0 = Release|Win32
		{03A3F4A5-9C39-4467-8323-3789F8E28830}.Debug|x64.ActiveCfg = Debug|x64
		{03A3F4A5-9C39-4467-8323-3789F8E28830}.Debug|x64.Build.0 = Debug|x64
		{03A3F4A5-9C39-4467-8323-3789F8E28830}.Debug|x86.ActiveCfg = Debug|Win32
		{03A3F4A5-9C39-4467-8323-3789F8E28830}.Debug|x86.Build.0 = Debug|Win32
		{03A3F4A5-9C39-4467-8323-3789F8E28830}.Release|x64.ActiveCfg = Release|x64
		{03A3F4A5-9C39-4467-8323-3789F8E28830}.Release|x64.Build.0 = Release|x64
		{03A3F4A5-9C39-4467-8323-3789F8E28830}.Release|x86.ActiveCfg = Release|Win32
		{03A3F4A5-9C39-4467-8323-3789F8E28830}.Release|x86.Build.0 = Release|Win32
	EndGlobalSection
	GlobalSection(SolutionProperties) = preSolution
		HideSolutionNode = FALSE
	EndGlobalSection
	GlobalSection(ExtensibilityGlobals) = postSolution
		SolutionGuid = {CC1CD83F-5AAF-4A20-9C47-6B39B596B710}
	EndGlobalSection
EndGlobal
