
Microsoft Visual Studio Solution File, Format Version 12.00
# Visual Studio 15
VisualStudioVersion = 15.0.35213.121
MinimumVisualStudioVersion = 10.0.40219.1
Project("{8BC9CEB8-8B4A-11D0-8D11-00A0C91BC942}") = "Lab-4", "Lab-4\Lab-4.vcxproj", "{05C73F29-7F50-48C4-A4C3-99C0625E19AB}"
EndProject
Project("{8BC9CEB8-8B4A-11D0-8D11-00A0C91BC942}") = "Project2", "..\..\..\..\Users\ADMIN\Documents\proga\C++\Lab-1\Project2\Project2.vcxproj", "{1420105C-DAF0-479C-8181-90AE428B1624}"
EndProject
Project("{8BC9CEB8-8B4A-11D0-8D11-00A0C91BC942}") = "Lab-2", "..\..\..\..\Users\ADMIN\Documents\proga\C++\Lab-2\Lab-2\Lab-2.vcxproj", "{6AC1FC7E-E247-48D9-8FE0-86F9C1BC5109}"
EndProject
Global
	GlobalSection(SolutionConfigurationPlatforms) = preSolution
		Debug|x64 = Debug|x64
		Debug|x86 = Debug|x86
		Release|x64 = Release|x64
		Release|x86 = Release|x86
	EndGlobalSection
	GlobalSection(ProjectConfigurationPlatforms) = postSolution
		{05C73F29-7F50-48C4-A4C3-99C0625E19AB}.Debug|x64.ActiveCfg = Debug|x64
		{05C73F29-7F50-48C4-A4C3-99C0625E19AB}.Debug|x64.Build.0 = Debug|x64
		{05C73F29-7F50-48C4-A4C3-99C0625E19AB}.Debug|x86.ActiveCfg = Debug|Win32
		{05C73F29-7F50-48C4-A4C3-99C0625E19AB}.Debug|x86.Build.0 = Debug|Win32
		{05C73F29-7F50-48C4-A4C3-99C0625E19AB}.Release|x64.ActiveCfg = Release|x64
		{05C73F29-7F50-48C4-A4C3-99C0625E19AB}.Release|x64.Build.0 = Release|x64
		{05C73F29-7F50-48C4-A4C3-99C0625E19AB}.Release|x86.ActiveCfg = Release|Win32
		{05C73F29-7F50-48C4-A4C3-99C0625E19AB}.Release|x86.Build.0 = Release|Win32
		{1420105C-DAF0-479C-8181-90AE428B1624}.Debug|x64.ActiveCfg = Debug|x64
		{1420105C-DAF0-479C-8181-90AE428B1624}.Debug|x64.Build.0 = Debug|x64
		{1420105C-DAF0-479C-8181-90AE428B1624}.Debug|x86.ActiveCfg = Debug|Win32
		{1420105C-DAF0-479C-8181-90AE428B1624}.Debug|x86.Build.0 = Debug|Win32
		{1420105C-DAF0-479C-8181-90AE428B1624}.Release|x64.ActiveCfg = Release|x64
		{1420105C-DAF0-479C-8181-90AE428B1624}.Release|x64.Build.0 = Release|x64
		{1420105C-DAF0-479C-8181-90AE428B1624}.Release|x86.ActiveCfg = Release|Win32
		{1420105C-DAF0-479C-8181-90AE428B1624}.Release|x86.Build.0 = Release|Win32
		{6AC1FC7E-E247-48D9-8FE0-86F9C1BC5109}.Debug|x64.ActiveCfg = Debug|x64
		{6AC1FC7E-E247-48D9-8FE0-86F9C1BC5109}.Debug|x64.Build.0 = Debug|x64
		{6AC1FC7E-E247-48D9-8FE0-86F9C1BC5109}.Debug|x86.ActiveCfg = Debug|Win32
		{6AC1FC7E-E247-48D9-8FE0-86F9C1BC5109}.Debug|x86.Build.0 = Debug|Win32
		{6AC1FC7E-E247-48D9-8FE0-86F9C1BC5109}.Release|x64.ActiveCfg = Release|x64
		{6AC1FC7E-E247-48D9-8FE0-86F9C1BC5109}.Release|x64.Build.0 = Release|x64
		{6AC1FC7E-E247-48D9-8FE0-86F9C1BC5109}.Release|x86.ActiveCfg = Release|Win32
		{6AC1FC7E-E247-48D9-8FE0-86F9C1BC5109}.Release|x86.Build.0 = Release|Win32
	EndGlobalSection
	GlobalSection(SolutionProperties) = preSolution
		HideSolutionNode = FALSE
	EndGlobalSection
	GlobalSection(ExtensibilityGlobals) = postSolution
		SolutionGuid = {652D31F0-186C-4A90-A2D9-5BC4678D96E7}
	EndGlobalSection
EndGlobal
